
Microsoft Visual Studio Solution File, Format Version 12.00
# Visual Studio Version 17
VisualStudioVersion = 17.5.33424.131
MinimumVisualStudioVersion = 10.0.40219.1
Project("{9A19103F-16F7-4668-BE54-9A1E7A4F7556}") = "API", "API\API.csproj", "{6537A0C5-EC58-4D80-A9D8-2C238757913E}"
EndProject
Project("{9A19103F-16F7-4668-BE54-9A1E7A4F7556}") = "Core", "Core\Core.csproj", "{0589C8D5-770B-4881-BACB-58D70E9A3615}"
EndProject
Project("{9A19103F-16F7-4668-BE54-9A1E7A4F7556}") = "Infrastructure", "Infrastructure\Infrastructure.csproj", "{F2B8CB4B-FBED-4ED8-A2D4-9E30747A06EB}"
EndProject
Global
	GlobalSection(SolutionConfigurationPlatforms) = preSolution
		Debug|Any CPU = Debug|Any CPU
		Release|Any CPU = Release|Any CPU
	EndGlobalSection
	GlobalSection(ProjectConfigurationPlatforms) = postSolution
		{6537A0C5-EC58-4D80-A9D8-2C238757913E}.Debug|Any CPU.ActiveCfg = Debug|Any CPU
		{6537A0C5-EC58-4D80-A9D8-2C238757913E}.Debug|Any CPU.Build.0 = Debug|Any CPU
		{6537A0C5-EC58-4D80-A9D8-2C238757913E}.Release|Any CPU.ActiveCfg = Release|Any CPU
		{6537A0C5-EC58-4D80-A9D8-2C238757913E}.Release|Any CPU.Build.0 = Release|Any CPU
		{0589C8D5-770B-4881-BACB-58D70E9A3615}.Debug|Any CPU.ActiveCfg = Debug|Any CPU
		{0589C8D5-770B-4881-BACB-58D70E9A3615}.Debug|Any CPU.Build.0 = Debug|Any CPU
		{0589C8D5-770B-4881-BACB-58D70E9A3615}.Release|Any CPU.ActiveCfg = Release|Any CPU
		{0589C8D5-770B-4881-BACB-58D70E9A3615}.Release|Any CPU.Build.0 = Release|Any CPU
		{F2B8CB4B-FBED-4ED8-A2D4-9E30747A06EB}.Debug|Any CPU.ActiveCfg = Debug|Any CPU
		{F2B8CB4B-FBED-4ED8-A2D4-9E30747A06EB}.Debug|Any CPU.Build.0 = Debug|Any CPU
		{F2B8CB4B-FBED-4ED8-A2D4-9E30747A06EB}.Release|Any CPU.ActiveCfg = Release|Any CPU
		{F2B8CB4B-FBED-4ED8-A2D4-9E30747A06EB}.Release|Any CPU.Build.0 = Release|Any CPU
	EndGlobalSection
	GlobalSection(SolutionProperties) = preSolution
		HideSolutionNode = FALSE
	EndGlobalSection
	GlobalSection(ExtensibilityGlobals) = postSolution
		SolutionGuid = {158B4621-A2CA-40B2-81E8-17504A86B1B0}
	EndGlobalSection
EndGlobal
